// !$*UTF8*$!
{
	archiveVersion = 1;
	classes = {
	};
	objectVersion = 56;
	objects = {

/* Begin PBXBuildFile section */
		9A3FFB04293BBCDB000EF2FA /* CVUDemoAppApp.swift in Sources */ = {isa = PBXBuildFile; fileRef = 9A3FFB03293BBCDB000EF2FA /* CVUDemoAppApp.swift */; };
		9A3FFB06293BBCDB000EF2FA /* ContentView.swift in Sources */ = {isa = PBXBuildFile; fileRef = 9A3FFB05293BBCDB000EF2FA /* ContentView.swift */; };
		9A3FFB08293BBCDC000EF2FA /* Assets.xcassets in Resources */ = {isa = PBXBuildFile; fileRef = 9A3FFB07293BBCDC000EF2FA /* Assets.xcassets */; };
		9A3FFB0C293BBCDC000EF2FA /* Preview Assets.xcassets in Resources */ = {isa = PBXBuildFile; fileRef = 9A3FFB0B293BBCDC000EF2FA /* Preview Assets.xcassets */; };
		9A3FFB16293BBCDC000EF2FA /* CVUDemoAppTests.swift in Sources */ = {isa = PBXBuildFile; fileRef = 9A3FFB15293BBCDC000EF2FA /* CVUDemoAppTests.swift */; };
		9A3FFB20293BBCDC000EF2FA /* CVUDemoAppUITests.swift in Sources */ = {isa = PBXBuildFile; fileRef = 9A3FFB1F293BBCDC000EF2FA /* CVUDemoAppUITests.swift */; };
		9A3FFB22293BBCDC000EF2FA /* CVUDemoAppUITestsLaunchTests.swift in Sources */ = {isa = PBXBuildFile; fileRef = 9A3FFB21293BBCDC000EF2FA /* CVUDemoAppUITestsLaunchTests.swift */; };
/* End PBXBuildFile section */

/* Begin PBXContainerItemProxy section */
		9A3FFB12293BBCDC000EF2FA /* PBXContainerItemProxy */ = {
			isa = PBXContainerItemProxy;
			containerPortal = 9A3FFAF8293BBCDB000EF2FA /* Project object */;
			proxyType = 1;
			remoteGlobalIDString = 9A3FFAFF293BBCDB000EF2FA;
			remoteInfo = CVUDemoApp;
		};
		9A3FFB1C293BBCDC000EF2FA /* PBXContainerItemProxy */ = {
			isa = PBXContainerItemProxy;
			containerPortal = 9A3FFAF8293BBCDB000EF2FA /* Project object */;
			proxyType = 1;
			remoteGlobalIDString = 9A3FFAFF293BBCDB000EF2FA;
			remoteInfo = CVUDemoApp;
		};
/* End PBXContainerItemProxy section */

/* Begin PBXFileReference section */
		9A3FFB00293BBCDB000EF2FA /* CVUDemoApp.app */ = {isa = PBXFileReference; explicitFileType = wrapper.application; includeInIndex = 0; path = CVUDemoApp.app; sourceTree = BUILT_PRODUCTS_DIR; };
		9A3FFB03293BBCDB000EF2FA /* CVUDemoAppApp.swift */ = {isa = PBXFileReference; lastKnownFileType = sourcecode.swift; path = CVUDemoAppApp.swift; sourceTree = "<group>"; };
		9A3FFB05293BBCDB000EF2FA /* ContentView.swift */ = {isa = PBXFileReference; lastKnownFileType = sourcecode.swift; path = ContentView.swift; sourceTree = "<group>"; };
		9A3FFB07293BBCDC000EF2FA /* Assets.xcassets */ = {isa = PBXFileReference; lastKnownFileType = folder.assetcatalog; path = Assets.xcassets; sourceTree = "<group>"; };
		9A3FFB09293BBCDC000EF2FA /* CVUDemoApp.entitlements */ = {isa = PBXFileReference; lastKnownFileType = text.plist.entitlements; path = CVUDemoApp.entitlements; sourceTree = "<group>"; };
		9A3FFB0B293BBCDC000EF2FA /* Preview Assets.xcassets */ = {isa = PBXFileReference; lastKnownFileType = folder.assetcatalog; path = "Preview Assets.xcassets"; sourceTree = "<group>"; };
		9A3FFB11293BBCDC000EF2FA /* CVUDemoAppTests.xctest */ = {isa = PBXFileReference; explicitFileType = wrapper.cfbundle; includeInIndex = 0; path = CVUDemoAppTests.xctest; sourceTree = BUILT_PRODUCTS_DIR; };
		9A3FFB15293BBCDC000EF2FA /* CVUDemoAppTests.swift */ = {isa = PBXFileReference; lastKnownFileType = sourcecode.swift; path = CVUDemoAppTests.swift; sourceTree = "<group>"; };
		9A3FFB1B293BBCDC000EF2FA /* CVUDemoAppUITests.xctest */ = {isa = PBXFileReference; explicitFileType = wrapper.cfbundle; includeInIndex = 0; path = CVUDemoAppUITests.xctest; sourceTree = BUILT_PRODUCTS_DIR; };
		9A3FFB1F293BBCDC000EF2FA /* CVUDemoAppUITests.swift */ = {isa = PBXFileReference; lastKnownFileType = sourcecode.swift; path = CVUDemoAppUITests.swift; sourceTree = "<group>"; };
		9A3FFB21293BBCDC000EF2FA /* CVUDemoAppUITestsLaunchTests.swift */ = {isa = PBXFileReference; lastKnownFileType = sourcecode.swift; path = CVUDemoAppUITestsLaunchTests.swift; sourceTree = "<group>"; };
/* End PBXFileReference section */

/* Begin PBXFrameworksBuildPhase section */
		9A3FFAFD293BBCDB000EF2FA /* Frameworks */ = {
			isa = PBXFrameworksBuildPhase;
			buildActionMask = 2147483647;
			files = (
			);
			runOnlyForDeploymentPostprocessing = 0;
		};
		9A3FFB0E293BBCDC000EF2FA /* Frameworks */ = {
			isa = PBXFrameworksBuildPhase;
			buildActionMask = 2147483647;
			files = (
			);
			runOnlyForDeploymentPostprocessing = 0;
		};
		9A3FFB18293BBCDC000EF2FA /* Frameworks */ = {
			isa = PBXFrameworksBuildPhase;
			buildActionMask = 2147483647;
			files = (
			);
			runOnlyForDeploymentPostprocessing = 0;
		};
/* End PBXFrameworksBuildPhase section */

/* Begin PBXGroup section */
		9A3FFAF7293BBCDB000EF2FA = {
			isa = PBXGroup;
			children = (
				9A3FFB02293BBCDB000EF2FA /* CVUDemoApp */,
				9A3FFB14293BBCDC000EF2FA /* CVUDemoAppTests */,
				9A3FFB1E293BBCDC000EF2FA /* CVUDemoAppUITests */,
				9A3FFB01293BBCDB000EF2FA /* Products */,
			);
			sourceTree = "<group>";
		};
		9A3FFB01293BBCDB000EF2FA /* Products */ = {
			isa = PBXGroup;
			children = (
				9A3FFB00293BBCDB000EF2FA /* CVUDemoApp.app */,
				9A3FFB11293BBCDC000EF2FA /* CVUDemoAppTests.xctest */,
				9A3FFB1B293BBCDC000EF2FA /* CVUDemoAppUITests.xctest */,
			);
			name = Products;
			sourceTree = "<group>";
		};
		9A3FFB02293BBCDB000EF2FA /* CVUDemoApp */ = {
			isa = PBXGroup;
			children = (
				9A3FFB03293BBCDB000EF2FA /* CVUDemoAppApp.swift */,
				9A3FFB05293BBCDB000EF2FA /* ContentView.swift */,
				9A3FFB07293BBCDC000EF2FA /* Assets.xcassets */,
				9A3FFB09293BBCDC000EF2FA /* CVUDemoApp.entitlements */,
				9A3FFB0A293BBCDC000EF2FA /* Preview Content */,
			);
			path = CVUDemoApp;
			sourceTree = "<group>";
		};
		9A3FFB0A293BBCDC000EF2FA /* Preview Content */ = {
			isa = PBXGroup;
			children = (
				9A3FFB0B293BBCDC000EF2FA /* Preview Assets.xcassets */,
			);
			path = "Preview Content";
			sourceTree = "<group>";
		};
		9A3FFB14293BBCDC000EF2FA /* CVUDemoAppTests */ = {
			isa = PBXGroup;
			children = (
				9A3FFB15293BBCDC000EF2FA /* CVUDemoAppTests.swift */,
			);
			path = CVUDemoAppTests;
			sourceTree = "<group>";
		};
		9A3FFB1E293BBCDC000EF2FA /* CVUDemoAppUITests */ = {
			isa = PBXGroup;
			children = (
				9A3FFB1F293BBCDC000EF2FA /* CVUDemoAppUITests.swift */,
				9A3FFB21293BBCDC000EF2FA /* CVUDemoAppUITestsLaunchTests.swift */,
			);
			path = CVUDemoAppUITests;
			sourceTree = "<group>";
		};
/* End PBXGroup section */

/* Begin PBXNativeTarget section */
		9A3FFAFF293BBCDB000EF2FA /* CVUDemoApp */ = {
			isa = PBXNativeTarget;
			buildConfigurationList = 9A3FFB25293BBCDC000EF2FA /* Build configuration list for PBXNativeTarget "CVUDemoApp" */;
			buildPhases = (
				9A3FFAFC293BBCDB000EF2FA /* Sources */,
				9A3FFAFD293BBCDB000EF2FA /* Frameworks */,
				9A3FFAFE293BBCDB000EF2FA /* Resources */,
			);
			buildRules = (
			);
			dependencies = (
			);
			name = CVUDemoApp;
			productName = CVUDemoApp;
			productReference = 9A3FFB00293BBCDB000EF2FA /* CVUDemoApp.app */;
			productType = "com.apple.product-type.application";
		};
		9A3FFB10293BBCDC000EF2FA /* CVUDemoAppTests */ = {
			isa = PBXNativeTarget;
			buildConfigurationList = 9A3FFB28293BBCDC000EF2FA /* Build configuration list for PBXNativeTarget "CVUDemoAppTests" */;
			buildPhases = (
				9A3FFB0D293BBCDC000EF2FA /* Sources */,
				9A3FFB0E293BBCDC000EF2FA /* Frameworks */,
				9A3FFB0F293BBCDC000EF2FA /* Resources */,
			);
			buildRules = (
			);
			dependencies = (
				9A3FFB13293BBCDC000EF2FA /* PBXTargetDependency */,
			);
			name = CVUDemoAppTests;
			productName = CVUDemoAppTests;
			productReference = 9A3FFB11293BBCDC000EF2FA /* CVUDemoAppTests.xctest */;
			productType = "com.apple.product-type.bundle.unit-test";
		};
		9A3FFB1A293BBCDC000EF2FA /* CVUDemoAppUITests */ = {
			isa = PBXNativeTarget;
			buildConfigurationList = 9A3FFB2B293BBCDC000EF2FA /* Build configuration list for PBXNativeTarget "CVUDemoAppUITests" */;
			buildPhases = (
				9A3FFB17293BBCDC000EF2FA /* Sources */,
				9A3FFB18293BBCDC000EF2FA /* Frameworks */,
				9A3FFB19293BBCDC000EF2FA /* Resources */,
			);
			buildRules = (
			);
			dependencies = (
				9A3FFB1D293BBCDC000EF2FA /* PBXTargetDependency */,
			);
			name = CVUDemoAppUITests;
			productName = CVUDemoAppUITests;
			productReference = 9A3FFB1B293BBCDC000EF2FA /* CVUDemoAppUITests.xctest */;
			productType = "com.apple.product-type.bundle.ui-testing";
		};
/* End PBXNativeTarget section */

/* Begin PBXProject section */
		9A3FFAF8293BBCDB000EF2FA /* Project object */ = {
			isa = PBXProject;
			attributes = {
				BuildIndependentTargetsInParallel = 1;
				LastSwiftUpdateCheck = 1410;
				LastUpgradeCheck = 1410;
				TargetAttributes = {
					9A3FFAFF293BBCDB000EF2FA = {
						CreatedOnToolsVersion = 14.1;
					};
					9A3FFB10293BBCDC000EF2FA = {
						CreatedOnToolsVersion = 14.1;
						TestTargetID = 9A3FFAFF293BBCDB000EF2FA;
					};
					9A3FFB1A293BBCDC000EF2FA = {
						CreatedOnToolsVersion = 14.1;
						TestTargetID = 9A3FFAFF293BBCDB000EF2FA;
					};
				};
			};
			buildConfigurationList = 9A3FFAFB293BBCDB000EF2FA /* Build configuration list for PBXProject "CVUDemoApp" */;
			compatibilityVersion = "Xcode 14.0";
			developmentRegion = en;
			hasScannedForEncodings = 0;
			knownRegions = (
				en,
				Base,
			);
			mainGroup = 9A3FFAF7293BBCDB000EF2FA;
			productRefGroup = 9A3FFB01293BBCDB000EF2FA /* Products */;
			projectDirPath = "";
			projectRoot = "";
			targets = (
				9A3FFAFF293BBCDB000EF2FA /* CVUDemoApp */,
				9A3FFB10293BBCDC000EF2FA /* CVUDemoAppTests */,
				9A3FFB1A293BBCDC000EF2FA /* CVUDemoAppUITests */,
			);
		};
/* End PBXProject section */

/* Begin PBXResourcesBuildPhase section */
		9A3FFAFE293BBCDB000EF2FA /* Resources */ = {
			isa = PBXResourcesBuildPhase;
			buildActionMask = 2147483647;
			files = (
				9A3FFB0C293BBCDC000EF2FA /* Preview Assets.xcassets in Resources */,
				9A3FFB08293BBCDC000EF2FA /* Assets.xcassets in Resources */,
			);
			runOnlyForDeploymentPostprocessing = 0;
		};
		9A3FFB0F293BBCDC000EF2FA /* Resources */ = {
			isa = PBXResourcesBuildPhase;
			buildActionMask = 2147483647;
			files = (
			);
			runOnlyForDeploymentPostprocessing = 0;
		};
		9A3FFB19293BBCDC000EF2FA /* Resources */ = {
			isa = PBXResourcesBuildPhase;
			buildActionMask = 2147483647;
			files = (
			);
			runOnlyForDeploymentPostprocessing = 0;
		};
/* End PBXResourcesBuildPhase section */

/* Begin PBXSourcesBuildPhase section */
		9A3FFAFC293BBCDB000EF2FA /* Sources */ = {
			isa = PBXSourcesBuildPhase;
			buildActionMask = 2147483647;
			files = (
				9A3FFB06293BBCDB000EF2FA /* ContentView.swift in Sources */,
				9A3FFB04293BBCDB000EF2FA /* CVUDemoAppApp.swift in Sources */,
			);
			runOnlyForDeploymentPostprocessing = 0;
		};
		9A3FFB0D293BBCDC000EF2FA /* Sources */ = {
			isa = PBXSourcesBuildPhase;
			buildActionMask = 2147483647;
			files = (
				9A3FFB16293BBCDC000EF2FA /* CVUDemoAppTests.swift in Sources */,
			);
			runOnlyForDeploymentPostprocessing = 0;
		};
		9A3FFB17293BBCDC000EF2FA /* Sources */ = {
			isa = PBXSourcesBuildPhase;
			buildActionMask = 2147483647;
			files = (
				9A3FFB22293BBCDC000EF2FA /* CVUDemoAppUITestsLaunchTests.swift in Sources */,
				9A3FFB20293BBCDC000EF2FA /* CVUDemoAppUITests.swift in Sources */,
			);
			runOnlyForDeploymentPostprocessing = 0;
		};
/* End PBXSourcesBuildPhase section */

/* Begin PBXTargetDependency section */
		9A3FFB13293BBCDC000EF2FA /* PBXTargetDependency */ = {
			isa = PBXTargetDependency;
			target = 9A3FFAFF293BBCDB000EF2FA /* CVUDemoApp */;
			targetProxy = 9A3FFB12293BBCDC000EF2FA /* PBXContainerItemProxy */;
		};
		9A3FFB1D293BBCDC000EF2FA /* PBXTargetDependency */ = {
			isa = PBXTargetDependency;
			target = 9A3FFAFF293BBCDB000EF2FA /* CVUDemoApp */;
			targetProxy = 9A3FFB1C293BBCDC000EF2FA /* PBXContainerItemProxy */;
		};
/* End PBXTargetDependency section */

/* Begin XCBuildConfiguration section */
		9A3FFB23293BBCDC000EF2FA /* Debug */ = {
			isa = XCBuildConfiguration;
			buildSettings = {
				ALWAYS_SEARCH_USER_PATHS = NO;
				CLANG_ANALYZER_NONNULL = YES;
				CLANG_ANALYZER_NUMBER_OBJECT_CONVERSION = YES_AGGRESSIVE;
				CLANG_CXX_LANGUAGE_STANDARD = "gnu++20";
				CLANG_ENABLE_MODULES = YES;
				CLANG_ENABLE_OBJC_ARC = YES;
				CLANG_ENABLE_OBJC_WEAK = YES;
				CLANG_WARN_BLOCK_CAPTURE_AUTORELEASING = YES;
				CLANG_WARN_BOOL_CONVERSION = YES;
				CLANG_WARN_COMMA = YES;
				CLANG_WARN_CONSTANT_CONVERSION = YES;
				CLANG_WARN_DEPRECATED_OBJC_IMPLEMENTATIONS = YES;
				CLANG_WARN_DIRECT_OBJC_ISA_USAGE = YES_ERROR;
				CLANG_WARN_DOCUMENTATION_COMMENTS = YES;
				CLANG_WARN_EMPTY_BODY = YES;
				CLANG_WARN_ENUM_CONVERSION = YES;
				CLANG_WARN_INFINITE_RECURSION = YES;
				CLANG_WARN_INT_CONVERSION = YES;
				CLANG_WARN_NON_LITERAL_NULL_CONVERSION = YES;
				CLANG_WARN_OBJC_IMPLICIT_RETAIN_SELF = YES;
				CLANG_WARN_OBJC_LITERAL_CONVERSION = YES;
				CLANG_WARN_OBJC_ROOT_CLASS = YES_ERROR;
				CLANG_WARN_QUOTED_INCLUDE_IN_FRAMEWORK_HEADER = YES;
				CLANG_WARN_RANGE_LOOP_ANALYSIS = YES;
				CLANG_WARN_STRICT_PROTOTYPES = YES;
				CLANG_WARN_SUSPICIOUS_MOVE = YES;
				CLANG_WARN_UNGUARDED_AVAILABILITY = YES_AGGRESSIVE;
				CLANG_WARN_UNREACHABLE_CODE = YES;
				CLANG_WARN__DUPLICATE_METHOD_MATCH = YES;
				COPY_PHASE_STRIP = NO;
				DEBUG_INFORMATION_FORMAT = dwarf;
				ENABLE_STRICT_OBJC_MSGSEND = YES;
				ENABLE_TESTABILITY = YES;
				GCC_C_LANGUAGE_STANDARD = gnu11;
				GCC_DYNAMIC_NO_PIC = NO;
				GCC_NO_COMMON_BLOCKS = YES;
				GCC_OPTIMIZATION_LEVEL = 0;
				GCC_PREPROCESSOR_DEFINITIONS = (
					"DEBUG=1",
					"$(inherited)",
				);
				GCC_WARN_64_TO_32_BIT_CONVERSION = YES;
				GCC_WARN_ABOUT_RETURN_TYPE = YES_ERROR;
				GCC_WARN_UNDECLARED_SELECTOR = YES;
				GCC_WARN_UNINITIALIZED_AUTOS = YES_AGGRESSIVE;
				GCC_WARN_UNUSED_FUNCTION = YES;
				GCC_WARN_UNUSED_VARIABLE = YES;
				MTL_ENABLE_DEBUG_INFO = INCLUDE_SOURCE;
				MTL_FAST_MATH = YES;
				ONLY_ACTIVE_ARCH = YES;
				SWIFT_ACTIVE_COMPILATION_CONDITIONS = DEBUG;
				SWIFT_OPTIMIZATION_LEVEL = "-Onone";
			};
			name = Debug;
		};
		9A3FFB24293BBCDC000EF2FA /* Release */ = {
			isa = XCBuildConfiguration;
			buildSettings = {
				ALWAYS_SEARCH_USER_PATHS = NO;
				CLANG_ANALYZER_NONNULL = YES;
				CLANG_ANALYZER_NUMBER_OBJECT_CONVERSION = YES_AGGRESSIVE;
				CLANG_CXX_LANGUAGE_STANDARD = "gnu++20";
				CLANG_ENABLE_MODULES = YES;
				CLANG_ENABLE_OBJC_ARC = YES;
				CLANG_ENABLE_OBJC_WEAK = YES;
				CLANG_WARN_BLOCK_CAPTURE_AUTORELEASING = YES;
				CLANG_WARN_BOOL_CONVERSION = YES;
				CLANG_WARN_COMMA = YES;
				CLANG_WARN_CONSTANT_CONVERSION = YES;
				CLANG_WARN_DEPRECATED_OBJC_IMPLEMENTATIONS = YES;
				CLANG_WARN_DIRECT_OBJC_ISA_USAGE = YES_ERROR;
				CLANG_WARN_DOCUMENTATION_COMMENTS = YES;
				CLANG_WARN_EMPTY_BODY = YES;
				CLANG_WARN_ENUM_CONVERSION = YES;
				CLANG_WARN_INFINITE_RECURSION = YES;
				CLANG_WARN_INT_CONVERSION = YES;
				CLANG_WARN_NON_LITERAL_NULL_CONVERSION = YES;
				CLANG_WARN_OBJC_IMPLICIT_RETAIN_SELF = YES;
				CLANG_WARN_OBJC_LITERAL_CONVERSION = YES;
				CLANG_WARN_OBJC_ROOT_CLASS = YES_ERROR;
				CLANG_WARN_QUOTED_INCLUDE_IN_FRAMEWORK_HEADER = YES;
				CLANG_WARN_RANGE_LOOP_ANALYSIS = YES;
				CLANG_WARN_STRICT_PROTOTYPES = YES;
				CLANG_WARN_SUSPICIOUS_MOVE = YES;
				CLANG_WARN_UNGUARDED_AVAILABILITY = YES_AGGRESSIVE;
				CLANG_WARN_UNREACHABLE_CODE = YES;
				CLANG_WARN__DUPLICATE_METHOD_MATCH = YES;
				COPY_PHASE_STRIP = NO;
				DEBUG_INFORMATION_FORMAT = "dwarf-with-dsym";
				ENABLE_NS_ASSERTIONS = NO;
				ENABLE_STRICT_OBJC_MSGSEND = YES;
				GCC_C_LANGUAGE_STANDARD = gnu11;
				GCC_NO_COMMON_BLOCKS = YES;
				GCC_WARN_64_TO_32_BIT_CONVERSION = YES;
				GCC_WARN_ABOUT_RETURN_TYPE = YES_ERROR;
				GCC_WARN_UNDECLARED_SELECTOR = YES;
				GCC_WARN_UNINITIALIZED_AUTOS = YES_AGGRESSIVE;
				GCC_WARN_UNUSED_FUNCTION = YES;
				GCC_WARN_UNUSED_VARIABLE = YES;
				MTL_ENABLE_DEBUG_INFO = NO;
				MTL_FAST_MATH = YES;
				SWIFT_COMPILATION_MODE = wholemodule;
				SWIFT_OPTIMIZATION_LEVEL = "-O";
			};
			name = Release;
		};
		9A3FFB26293BBCDC000EF2FA /* Debug */ = {
			isa = XCBuildConfiguration;
			buildSettings = {
				ASSETCATALOG_COMPILER_APPICON_NAME = AppIcon;
				ASSETCATALOG_COMPILER_GLOBAL_ACCENT_COLOR_NAME = AccentColor;
				CODE_SIGN_ENTITLEMENTS = CVUDemoApp/CVUDemoApp.entitlements;
				CODE_SIGN_STYLE = Automatic;
				CURRENT_PROJECT_VERSION = 1;
				DEVELOPMENT_ASSET_PATHS = "\"CVUDemoApp/Preview Content\"";
				DEVELOPMENT_TEAM = H2Y5Z822BP;
				ENABLE_HARDENED_RUNTIME = YES;
				ENABLE_PREVIEWS = YES;
				GENERATE_INFOPLIST_FILE = YES;
				"INFOPLIST_KEY_UIApplicationSceneManifest_Generation[sdk=iphoneos*]" = YES;
				"INFOPLIST_KEY_UIApplicationSceneManifest_Generation[sdk=iphonesimulator*]" = YES;
				"INFOPLIST_KEY_UIApplicationSupportsIndirectInputEvents[sdk=iphoneos*]" = YES;
				"INFOPLIST_KEY_UIApplicationSupportsIndirectInputEvents[sdk=iphonesimulator*]" = YES;
				"INFOPLIST_KEY_UILaunchScreen_Generation[sdk=iphoneos*]" = YES;
				"INFOPLIST_KEY_UILaunchScreen_Generation[sdk=iphonesimulator*]" = YES;
				"INFOPLIST_KEY_UIStatusBarStyle[sdk=iphoneos*]" = UIStatusBarStyleDefault;
				"INFOPLIST_KEY_UIStatusBarStyle[sdk=iphonesimulator*]" = UIStatusBarStyleDefault;
				INFOPLIST_KEY_UISupportedInterfaceOrientations_iPad = "UIInterfaceOrientationPortrait UIInterfaceOrientationPortraitUpsideDown UIInterfaceOrientationLandscapeLeft UIInterfaceOrientationLandscapeRight";
				INFOPLIST_KEY_UISupportedInterfaceOrientations_iPhone = "UIInterfaceOrientationPortrait UIInterfaceOrientationLandscapeLeft UIInterfaceOrientationLandscapeRight";
				IPHONEOS_DEPLOYMENT_TARGET = 16.1;
				LD_RUNPATH_SEARCH_PATHS = "@executable_path/Frameworks";
				"LD_RUNPATH_SEARCH_PATHS[sdk=macosx*]" = "@executable_path/../Frameworks";
				MACOSX_DEPLOYMENT_TARGET = 12.6;
				MARKETING_VERSION = 1.0;
				PRODUCT_BUNDLE_IDENTIFIER = me.robertcole.CVUDemoApp;
				PRODUCT_NAME = "$(TARGET_NAME)";
				SDKROOT = auto;
				SUPPORTED_PLATFORMS = "iphoneos iphonesimulator macosx";
				SWIFT_EMIT_LOC_STRINGS = YES;
				SWIFT_VERSION = 5.0;
				TARGETED_DEVICE_FAMILY = "1,2";
			};
			name = Debug;
		};
		9A3FFB27293BBCDC000EF2FA /* Release */ = {
			isa = XCBuildConfiguration;
			buildSettings = {
				ASSETCATALOG_COMPILER_APPICON_NAME = AppIcon;
				ASSETCATALOG_COMPILER_GLOBAL_ACCENT_COLOR_NAME = AccentColor;
				CODE_SIGN_ENTITLEMENTS = CVUDemoApp/CVUDemoApp.entitlements;
				CODE_SIGN_STYLE = Automatic;
				CURRENT_PROJECT_VERSION = 1;
				DEVELOPMENT_ASSET_PATHS = "\"CVUDemoApp/Preview Content\"";
				DEVELOPMENT_TEAM = H2Y5Z822BP;
				ENABLE_HARDENED_RUNTIME = YES;
				ENABLE_PREVIEWS = YES;
				GENERATE_INFOPLIST_FILE = YES;
				"INFOPLIST_KEY_UIApplicationSceneManifest_Generation[sdk=iphoneos*]" = YES;
				"INFOPLIST_KEY_UIApplicationSceneManifest_Generation[sdk=iphonesimulator*]" = YES;
				"INFOPLIST_KEY_UIApplicationSupportsIndirectInputEvents[sdk=iphoneos*]" = YES;
				"INFOPLIST_KEY_UIApplicationSupportsIndirectInputEvents[sdk=iphonesimulator*]" = YES;
				"INFOPLIST_KEY_UILaunchScreen_Generation[sdk=iphoneos*]" = YES;
				"INFOPLIST_KEY_UILaunchScreen_Generation[sdk=iphonesimulator*]" = YES;
				"INFOPLIST_KEY_UIStatusBarStyle[sdk=iphoneos*]" = UIStatusBarStyleDefault;
				"INFOPLIST_KEY_UIStatusBarStyle[sdk=iphonesimulator*]" = UIStatusBarStyleDefault;
				INFOPLIST_KEY_UISupportedInterfaceOrientations_iPad = "UIInterfaceOrientationPortrait UIInterfaceOrientationPortraitUpsideDown UIInterfaceOrientationLandscapeLeft UIInterfaceOrientationLandscapeRight";
				INFOPLIST_KEY_UISupportedInterfaceOrientations_iPhone = "UIInterfaceOrientationPortrait UIInterfaceOrientationLandscapeLeft UIInterfaceOrientationLandscapeRight";
				IPHONEOS_DEPLOYMENT_TARGET = 16.1;
				LD_RUNPATH_SEARCH_PATHS = "@executable_path/Frameworks";
				"LD_RUNPATH_SEARCH_PATHS[sdk=macosx*]" = "@executable_path/../Frameworks";
				MACOSX_DEPLOYMENT_TARGET = 12.6;
				MARKETING_VERSION = 1.0;
				PRODUCT_BUNDLE_IDENTIFIER = me.robertcole.CVUDemoApp;
				PRODUCT_NAME = "$(TARGET_NAME)";
				SDKROOT = auto;
				SUPPORTED_PLATFORMS = "iphoneos iphonesimulator macosx";
				SWIFT_EMIT_LOC_STRINGS = YES;
				SWIFT_VERSION = 5.0;
				TARGETED_DEVICE_FAMILY = "1,2";
			};
			name = Release;
		};
		9A3FFB29293BBCDC000EF2FA /* Debug */ = {
			isa = XCBuildConfiguration;
			buildSettings = {
				ALWAYS_EMBED_SWIFT_STANDARD_LIBRARIES = YES;
				BUNDLE_LOADER = "$(TEST_HOST)";
				CODE_SIGN_STYLE = Automatic;
				CURRENT_PROJECT_VERSION = 1;
				DEVELOPMENT_TEAM = H2Y5Z822BP;
				GENERATE_INFOPLIST_FILE = YES;
				IPHONEOS_DEPLOYMENT_TARGET = 16.1;
				MACOSX_DEPLOYMENT_TARGET = 12.6;
				MARKETING_VERSION = 1.0;
				PRODUCT_BUNDLE_IDENTIFIER = me.robertcole.CVUDemoAppTests;
				PRODUCT_NAME = "$(TARGET_NAME)";
				SDKROOT = auto;
				SUPPORTED_PLATFORMS = "iphoneos iphonesimulator macosx";
				SWIFT_EMIT_LOC_STRINGS = NO;
				SWIFT_VERSION = 5.0;
				TARGETED_DEVICE_FAMILY = "1,2";
				TEST_HOST = "$(BUILT_PRODUCTS_DIR)/CVUDemoApp.app/$(BUNDLE_EXECUTABLE_FOLDER_PATH)/CVUDemoApp";
			};
			name = Debug;
		};
		9A3FFB2A293BBCDC000EF2FA /* Release */ = {
			isa = XCBuildConfiguration;
			buildSettings = {
				ALWAYS_EMBED_SWIFT_STANDARD_LIBRARIES = YES;
				BUNDLE_LOADER = "$(TEST_HOST)";
				CODE_SIGN_STYLE = Automatic;
				CURRENT_PROJECT_VERSION = 1;
				DEVELOPMENT_TEAM = H2Y5Z822BP;
				GENERATE_INFOPLIST_FILE = YES;
				IPHONEOS_DEPLOYMENT_TARGET = 16.1;
				MACOSX_DEPLOYMENT_TARGET = 12.6;
				MARKETING_VERSION = 1.0;
				PRODUCT_BUNDLE_IDENTIFIER = me.robertcole.CVUDemoAppTests;
				PRODUCT_NAME = "$(TARGET_NAME)";
				SDKROOT = auto;
				SUPPORTED_PLATFORMS = "iphoneos iphonesimulator macosx";
				SWIFT_EMIT_LOC_STRINGS = NO;
				SWIFT_VERSION = 5.0;
				TARGETED_DEVICE_FAMILY = "1,2";
				TEST_HOST = "$(BUILT_PRODUCTS_DIR)/CVUDemoApp.app/$(BUNDLE_EXECUTABLE_FOLDER_PATH)/CVUDemoApp";
			};
			name = Release;
		};
		9A3FFB2C293BBCDC000EF2FA /* Debug */ = {
			isa = XCBuildConfiguration;
			buildSettings = {
				ALWAYS_EMBED_SWIFT_STANDARD_LIBRARIES = YES;
				CODE_SIGN_STYLE = Automatic;
				CURRENT_PROJECT_VERSION = 1;
				DEVELOPMENT_TEAM = H2Y5Z822BP;
				GENERATE_INFOPLIST_FILE = YES;
				IPHONEOS_DEPLOYMENT_TARGET = 16.1;
				MACOSX_DEPLOYMENT_TARGET = 12.6;
				MARKETING_VERSION = 1.0;
				PRODUCT_BUNDLE_IDENTIFIER = me.robertcole.CVUDemoAppUITests;
				PRODUCT_NAME = "$(TARGET_NAME)";
				SDKROOT = auto;
				SUPPORTED_PLATFORMS = "iphoneos iphonesimulator macosx";
				SWIFT_EMIT_LOC_STRINGS = NO;
				SWIFT_VERSION = 5.0;
				TARGETED_DEVICE_FAMILY = "1,2";
				TEST_TARGET_NAME = CVUDemoApp;
			};
			name = Debug;
		};
		9A3FFB2D293BBCDC000EF2FA /* Release */ = {
			isa = XCBuildConfiguration;
			buildSettings = {
				ALWAYS_EMBED_SWIFT_STANDARD_LIBRARIES = YES;
				CODE_SIGN_STYLE = Automatic;
				CURRENT_PROJECT_VERSION = 1;
				DEVELOPMENT_TEAM = H2Y5Z822BP;
				GENERATE_INFOPLIST_FILE = YES;
				IPHONEOS_DEPLOYMENT_TARGET = 16.1;
				MACOSX_DEPLOYMENT_TARGET = 12.6;
				MARKETING_VERSION = 1.0;
				PRODUCT_BUNDLE_IDENTIFIER = me.robertcole.CVUDemoAppUITests;
				PRODUCT_NAME = "$(TARGET_NAME)";
				SDKROOT = auto;
				SUPPORTED_PLATFORMS = "iphoneos iphonesimulator macosx";
				SWIFT_EMIT_LOC_STRINGS = NO;
				SWIFT_VERSION = 5.0;
				TARGETED_DEVICE_FAMILY = "1,2";
				TEST_TARGET_NAME = CVUDemoApp;
			};
			name = Release;
		};
/* End XCBuildConfiguration section */

/* Begin XCConfigurationList section */
		9A3FFAFB293BBCDB000EF2FA /* Build configuration list for PBXProject "CVUDemoApp" */ = {
			isa = XCConfigurationList;
			buildConfigurations = (
				9A3FFB23293BBCDC000EF2FA /* Debug */,
				9A3FFB24293BBCDC000EF2FA /* Release */,
			);
			defaultConfigurationIsVisible = 0;
			defaultConfigurationName = Release;
		};
		9A3FFB25293BBCDC000EF2FA /* Build configuration list for PBXNativeTarget "CVUDemoApp" */ = {
			isa = XCConfigurationList;
			buildConfigurations = (
				9A3FFB26293BBCDC000EF2FA /* Debug */,
				9A3FFB27293BBCDC000EF2FA /* Release */,
			);
			defaultConfigurationIsVisible = 0;
			defaultConfigurationName = Release;
		};
		9A3FFB28293BBCDC000EF2FA /* Build configuration list for PBXNativeTarget "CVUDemoAppTests" */ = {
			isa = XCConfigurationList;
			buildConfigurations = (
				9A3FFB29293BBCDC000EF2FA /* Debug */,
				9A3FFB2A293BBCDC000EF2FA /* Release */,
			);
			defaultConfigurationIsVisible = 0;
			defaultConfigurationName = Release;
		};
		9A3FFB2B293BBCDC000EF2FA /* Build configuration list for PBXNativeTarget "CVUDemoAppUITests" */ = {
			isa = XCConfigurationList;
			buildConfigurations = (
				9A3FFB2C293BBCDC000EF2FA /* Debug */,
				9A3FFB2D293BBCDC000EF2FA /* Release */,
			);
			defaultConfigurationIsVisible = 0;
			defaultConfigurationName = Release;
		};
/* End XCConfigurationList section */
	};
	rootObject = 9A3FFAF8293BBCDB000EF2FA /* Project object */;
}
